
Microsoft Visual Studio Solution File, Format Version 12.00
# Visual Studio Version 17
VisualStudioVersion = 17.1.32414.318
MinimumVisualStudioVersion = 10.0.40219.1
Project("{9A19103F-16F7-4668-BE54-9A1E7A4F7556}") = "Lab1_b", "Lab1_b\Lab1_b.csproj", "{A5E2F955-AEF1-4F33-9757-703E409BBA3C}"
EndProject
Project("{9A19103F-16F7-4668-BE54-9A1E7A4F7556}") = "Recursie", "Recursie\Recursie.csproj", "{2175E4C9-D5BD-4C90-A332-BA8FBB4FE2A2}"
EndProject
Project("{FAE04EC0-301F-11D3-BF4B-00C04F79EFBC}") = "SoorteerAlgoritme", "SoorteerAlgoritme\SoorteerAlgoritme.csproj", "{4A2A31DB-D1BD-4502-B75C-55F4F33DF14F}"
EndProject
Project("{FAE04EC0-301F-11D3-BF4B-00C04F79EFBC}") = "UNI TESTEN", "UNI TESTEN\UNI TESTEN.csproj", "{2BA80C39-A07A-4F54-9D06-A7F212EDBA56}"
EndProject
Global
	GlobalSection(SolutionConfigurationPlatforms) = preSolution
		Debug|Any CPU = Debug|Any CPU
		Release|Any CPU = Release|Any CPU
	EndGlobalSection
	GlobalSection(ProjectConfigurationPlatforms) = postSolution
		{A5E2F955-AEF1-4F33-9757-703E409BBA3C}.Debug|Any CPU.ActiveCfg = Debug|Any CPU
		{A5E2F955-AEF1-4F33-9757-703E409BBA3C}.Debug|Any CPU.Build.0 = Debug|Any CPU
		{A5E2F955-AEF1-4F33-9757-703E409BBA3C}.Release|Any CPU.ActiveCfg = Release|Any CPU
		{A5E2F955-AEF1-4F33-9757-703E409BBA3C}.Release|Any CPU.Build.0 = Release|Any CPU
		{2175E4C9-D5BD-4C90-A332-BA8FBB4FE2A2}.Debug|Any CPU.ActiveCfg = Debug|Any CPU
		{2175E4C9-D5BD-4C90-A332-BA8FBB4FE2A2}.Debug|Any CPU.Build.0 = Debug|Any CPU
		{2175E4C9-D5BD-4C90-A332-BA8FBB4FE2A2}.Release|Any CPU.ActiveCfg = Release|Any CPU
		{2175E4C9-D5BD-4C90-A332-BA8FBB4FE2A2}.Release|Any CPU.Build.0 = Release|Any CPU
		{4A2A31DB-D1BD-4502-B75C-55F4F33DF14F}.Debug|Any CPU.ActiveCfg = Debug|Any CPU
		{4A2A31DB-D1BD-4502-B75C-55F4F33DF14F}.Debug|Any CPU.Build.0 = Debug|Any CPU
		{4A2A31DB-D1BD-4502-B75C-55F4F33DF14F}.Release|Any CPU.ActiveCfg = Release|Any CPU
		{4A2A31DB-D1BD-4502-B75C-55F4F33DF14F}.Release|Any CPU.Build.0 = Release|Any CPU
		{2BA80C39-A07A-4F54-9D06-A7F212EDBA56}.Debug|Any CPU.ActiveCfg = Debug|Any CPU
		{2BA80C39-A07A-4F54-9D06-A7F212EDBA56}.Debug|Any CPU.Build.0 = Debug|Any CPU
		{2BA80C39-A07A-4F54-9D06-A7F212EDBA56}.Release|Any CPU.ActiveCfg = Release|Any CPU
		{2BA80C39-A07A-4F54-9D06-A7F212EDBA56}.Release|Any CPU.Build.0 = Release|Any CPU
	EndGlobalSection
	GlobalSection(SolutionProperties) = preSolution
		HideSolutionNode = FALSE
	EndGlobalSection
	GlobalSection(ExtensibilityGlobals) = postSolution
		SolutionGuid = {9EFCF521-D141-427F-A018-097BD4C9B880}
	EndGlobalSection
EndGlobal
